
Microsoft Visual Studio Solution File, Format Version 12.00
Project("{FAE04EC0-301F-11D3-BF4B-00C04F79EFBC}") = "91. Decode Ways", "91. Decode Ways\91. Decode Ways.csproj", "{3D7FF92A-4F7D-4424-B9D7-FACEA3604255}"
EndProject
Project("{FAE04EC0-301F-11D3-BF4B-00C04F79EFBC}") = "1503. Last Moment Before All Ants Fall Out of a Plank", "1503. Last Moment Before All Ants Fall Out of a Plank\1503. Last Moment Before All Ants Fall Out of a Plank.csproj", "{9FF63040-52F4-49E8-8641-B8261514D47D}"
EndProject
Project("{FAE04EC0-301F-11D3-BF4B-00C04F79EFBC}") = "1662. Check If Two String Arrays are Equivalent", "1662. Check If Two String Arrays are Equivalent\1662. Check If Two String Arrays are Equivalent.csproj", "{6DD0E328-A08D-4C0B-A314-D2C71BF561AB}"
EndProject
Project("{FAE04EC0-301F-11D3-BF4B-00C04F79EFBC}") = "1155. Number of Dice Rolls With Target Sum", "1155. Number of Dice Rolls With Target Sum\1155. Number of Dice Rolls With Target Sum.csproj", "{C4B6C618-89EB-4384-A00C-BAA457E36CA4}"
EndProject
Global
	GlobalSection(SolutionConfigurationPlatforms) = preSolution
		Debug|Any CPU = Debug|Any CPU
		Release|Any CPU = Release|Any CPU
	EndGlobalSection
	GlobalSection(ProjectConfigurationPlatforms) = postSolution
		{3D7FF92A-4F7D-4424-B9D7-FACEA3604255}.Debug|Any CPU.ActiveCfg = Debug|Any CPU
		{3D7FF92A-4F7D-4424-B9D7-FACEA3604255}.Debug|Any CPU.Build.0 = Debug|Any CPU
		{3D7FF92A-4F7D-4424-B9D7-FACEA3604255}.Release|Any CPU.ActiveCfg = Release|Any CPU
		{3D7FF92A-4F7D-4424-B9D7-FACEA3604255}.Release|Any CPU.Build.0 = Release|Any CPU
		{9FF63040-52F4-49E8-8641-B8261514D47D}.Debug|Any CPU.ActiveCfg = Debug|Any CPU
		{9FF63040-52F4-49E8-8641-B8261514D47D}.Debug|Any CPU.Build.0 = Debug|Any CPU
		{9FF63040-52F4-49E8-8641-B8261514D47D}.Release|Any CPU.ActiveCfg = Release|Any CPU
		{9FF63040-52F4-49E8-8641-B8261514D47D}.Release|Any CPU.Build.0 = Release|Any CPU
		{6DD0E328-A08D-4C0B-A314-D2C71BF561AB}.Debug|Any CPU.ActiveCfg = Debug|Any CPU
		{6DD0E328-A08D-4C0B-A314-D2C71BF561AB}.Debug|Any CPU.Build.0 = Debug|Any CPU
		{6DD0E328-A08D-4C0B-A314-D2C71BF561AB}.Release|Any CPU.ActiveCfg = Release|Any CPU
		{6DD0E328-A08D-4C0B-A314-D2C71BF561AB}.Release|Any CPU.Build.0 = Release|Any CPU
		{C4B6C618-89EB-4384-A00C-BAA457E36CA4}.Debug|Any CPU.ActiveCfg = Debug|Any CPU
		{C4B6C618-89EB-4384-A00C-BAA457E36CA4}.Debug|Any CPU.Build.0 = Debug|Any CPU
		{C4B6C618-89EB-4384-A00C-BAA457E36CA4}.Release|Any CPU.ActiveCfg = Release|Any CPU
		{C4B6C618-89EB-4384-A00C-BAA457E36CA4}.Release|Any CPU.Build.0 = Release|Any CPU
	EndGlobalSection
EndGlobal
