
Microsoft Visual Studio Solution File, Format Version 12.00
Project("{FAE04EC0-301F-11D3-BF4B-00C04F79EFBC}") = "91. Decode Ways", "91. Decode Ways\91. Decode Ways.csproj", "{3D7FF92A-4F7D-4424-B9D7-FACEA3604255}"
EndProject
Project("{FAE04EC0-301F-11D3-BF4B-00C04F79EFBC}") = "1503. Last Moment Before All Ants Fall Out of a Plank", "1503. Last Moment Before All Ants Fall Out of a Plank\1503. Last Moment Before All Ants Fall Out of a Plank.csproj", "{9FF63040-52F4-49E8-8641-B8261514D47D}"
EndProject
Project("{FAE04EC0-301F-11D3-BF4B-00C04F79EFBC}") = "1662. Check If Two String Arrays are Equivalent", "1662. Check If Two String Arrays are Equivalent\1662. Check If Two String Arrays are Equivalent.csproj", "{6DD0E328-A08D-4C0B-A314-D2C71BF561AB}"
EndProject
Project("{FAE04EC0-301F-11D3-BF4B-00C04F79EFBC}") = "1155. Number of Dice Rolls With Target Sum", "1155. Number of Dice Rolls With Target Sum\1155. Number of Dice Rolls With Target Sum.csproj", "{C4B6C618-89EB-4384-A00C-BAA457E36CA4}"
EndProject
Project("{FAE04EC0-301F-11D3-BF4B-00C04F79EFBC}") = "1578. Minimum Time to Make Rope Colorful", "1578. Minimum Time to Make Rope Colorful\1578. Minimum Time to Make Rope Colorful.csproj", "{ADDE8017-8DBC-4B7E-AF9B-C47887B686E8}"
EndProject
Project("{FAE04EC0-301F-11D3-BF4B-00C04F79EFBC}") = "1531. String Compression II", "1531. String Compression II\1531. String Compression II.csproj", "{9D873851-F382-4B7D-A6D9-4CA9AEB14C6F}"
EndProject
Project("{FAE04EC0-301F-11D3-BF4B-00C04F79EFBC}") = "1897. Redistribute Characters to Make All Strings Equal", "1897. Redistribute Characters to Make All Strings Equal\1897. Redistribute Characters to Make All Strings Equal.csproj", "{13C1DAAE-4929-4E71-A10C-2EAC87D1B575}"
EndProject
Project("{FAE04EC0-301F-11D3-BF4B-00C04F79EFBC}") = "1624. Largest Substring Between Two Equal Characters", "1624. Largest Substring Between Two Equal Characters\1624. Largest Substring Between Two Equal Characters.csproj", "{55FD078B-1063-40AE-BD8F-2A5534A2FF80}"
EndProject
Project("{FAE04EC0-301F-11D3-BF4B-00C04F79EFBC}") = "455. Assign Cookies", "455. Assign Cookies\455. Assign Cookies.csproj", "{4AE140CB-82AF-4155-8495-0C5410BCB0C0}"
EndProject
Project("{FAE04EC0-301F-11D3-BF4B-00C04F79EFBC}") = "122. Best Time to Buy and Sell Stock II", "122. Best Time to Buy and Sell Stock II\122. Best Time to Buy and Sell Stock II.csproj", "{C045FCEF-274A-4E6D-9DAA-8DCE76A16D77}"
EndProject
Project("{FAE04EC0-301F-11D3-BF4B-00C04F79EFBC}") = "2610. Convert an Array Into a 2D Array With Conditions", "2610. Convert an Array Into a 2D Array With Conditions\2610. Convert an Array Into a 2D Array With Conditions.csproj", "{7F8672B3-FA18-4232-B96F-C0323F6BDC69}"
EndProject
Project("{FAE04EC0-301F-11D3-BF4B-00C04F79EFBC}") = "2125. Number of Laser Beams in a Bank", "2125. Number of Laser Beams in a Bank\2125. Number of Laser Beams in a Bank.csproj", "{81CFF998-9ACE-42DE-AE4B-C0E455E52C1D}"
EndProject
Project("{FAE04EC0-301F-11D3-BF4B-00C04F79EFBC}") = "2870. Minimum Number of Operations to Make Array Empty", "2870. Minimum Number of Operations to Make Array Empty\2870. Minimum Number of Operations to Make Array Empty.csproj", "{256E093F-A5FB-4805-A133-E7546D354D45}"
EndProject
Project("{FAE04EC0-301F-11D3-BF4B-00C04F79EFBC}") = "300. Longest Increasing Subsequence", "300. Longest Increasing Subsequence\300. Longest Increasing Subsequence.csproj", "{7F9D0967-3D4D-43BD-AAEA-F5DAACB06B06}"
EndProject
Project("{FAE04EC0-301F-11D3-BF4B-00C04F79EFBC}") = "1235. Maximum Profit in Job Scheduling", "1235. Maximum Profit in Job Scheduling\1235. Maximum Profit in Job Scheduling.csproj", "{72EAB101-C325-4191-8893-A3491EF824FD}"
EndProject
Project("{FAE04EC0-301F-11D3-BF4B-00C04F79EFBC}") = "446. Arithmetic Slices II - Subsequence", "446. Arithmetic Slices II - Subsequence\446. Arithmetic Slices II - Subsequence.csproj", "{979D86EF-97F7-433A-A467-A120369113E0}"
EndProject
Project("{FAE04EC0-301F-11D3-BF4B-00C04F79EFBC}") = "70. Climbing Stairs", "70. Climbing Stairs\70. Climbing Stairs.csproj", "{314CCC55-F699-4371-B4A9-D733FB4F2CF5}"
EndProject
Project("{FAE04EC0-301F-11D3-BF4B-00C04F79EFBC}") = "931. Minimum Falling Path Sum", "931. Minimum Falling Path Sum\931. Minimum Falling Path Sum.csproj", "{851DC147-F45B-4084-83D6-75C24ED76B28}"
EndProject
Global
	GlobalSection(SolutionConfigurationPlatforms) = preSolution
		Debug|Any CPU = Debug|Any CPU
		Release|Any CPU = Release|Any CPU
	EndGlobalSection
	GlobalSection(ProjectConfigurationPlatforms) = postSolution
		{3D7FF92A-4F7D-4424-B9D7-FACEA3604255}.Debug|Any CPU.ActiveCfg = Debug|Any CPU
		{3D7FF92A-4F7D-4424-B9D7-FACEA3604255}.Debug|Any CPU.Build.0 = Debug|Any CPU
		{3D7FF92A-4F7D-4424-B9D7-FACEA3604255}.Release|Any CPU.ActiveCfg = Release|Any CPU
		{3D7FF92A-4F7D-4424-B9D7-FACEA3604255}.Release|Any CPU.Build.0 = Release|Any CPU
		{9FF63040-52F4-49E8-8641-B8261514D47D}.Debug|Any CPU.ActiveCfg = Debug|Any CPU
		{9FF63040-52F4-49E8-8641-B8261514D47D}.Debug|Any CPU.Build.0 = Debug|Any CPU
		{9FF63040-52F4-49E8-8641-B8261514D47D}.Release|Any CPU.ActiveCfg = Release|Any CPU
		{9FF63040-52F4-49E8-8641-B8261514D47D}.Release|Any CPU.Build.0 = Release|Any CPU
		{6DD0E328-A08D-4C0B-A314-D2C71BF561AB}.Debug|Any CPU.ActiveCfg = Debug|Any CPU
		{6DD0E328-A08D-4C0B-A314-D2C71BF561AB}.Debug|Any CPU.Build.0 = Debug|Any CPU
		{6DD0E328-A08D-4C0B-A314-D2C71BF561AB}.Release|Any CPU.ActiveCfg = Release|Any CPU
		{6DD0E328-A08D-4C0B-A314-D2C71BF561AB}.Release|Any CPU.Build.0 = Release|Any CPU
		{C4B6C618-89EB-4384-A00C-BAA457E36CA4}.Debug|Any CPU.ActiveCfg = Debug|Any CPU
		{C4B6C618-89EB-4384-A00C-BAA457E36CA4}.Debug|Any CPU.Build.0 = Debug|Any CPU
		{C4B6C618-89EB-4384-A00C-BAA457E36CA4}.Release|Any CPU.ActiveCfg = Release|Any CPU
		{C4B6C618-89EB-4384-A00C-BAA457E36CA4}.Release|Any CPU.Build.0 = Release|Any CPU
		{ADDE8017-8DBC-4B7E-AF9B-C47887B686E8}.Debug|Any CPU.ActiveCfg = Debug|Any CPU
		{ADDE8017-8DBC-4B7E-AF9B-C47887B686E8}.Debug|Any CPU.Build.0 = Debug|Any CPU
		{ADDE8017-8DBC-4B7E-AF9B-C47887B686E8}.Release|Any CPU.ActiveCfg = Release|Any CPU
		{ADDE8017-8DBC-4B7E-AF9B-C47887B686E8}.Release|Any CPU.Build.0 = Release|Any CPU
		{9D873851-F382-4B7D-A6D9-4CA9AEB14C6F}.Debug|Any CPU.ActiveCfg = Debug|Any CPU
		{9D873851-F382-4B7D-A6D9-4CA9AEB14C6F}.Debug|Any CPU.Build.0 = Debug|Any CPU
		{9D873851-F382-4B7D-A6D9-4CA9AEB14C6F}.Release|Any CPU.ActiveCfg = Release|Any CPU
		{9D873851-F382-4B7D-A6D9-4CA9AEB14C6F}.Release|Any CPU.Build.0 = Release|Any CPU
		{13C1DAAE-4929-4E71-A10C-2EAC87D1B575}.Debug|Any CPU.ActiveCfg = Debug|Any CPU
		{13C1DAAE-4929-4E71-A10C-2EAC87D1B575}.Debug|Any CPU.Build.0 = Debug|Any CPU
		{13C1DAAE-4929-4E71-A10C-2EAC87D1B575}.Release|Any CPU.ActiveCfg = Release|Any CPU
		{13C1DAAE-4929-4E71-A10C-2EAC87D1B575}.Release|Any CPU.Build.0 = Release|Any CPU
		{55FD078B-1063-40AE-BD8F-2A5534A2FF80}.Debug|Any CPU.ActiveCfg = Debug|Any CPU
		{55FD078B-1063-40AE-BD8F-2A5534A2FF80}.Debug|Any CPU.Build.0 = Debug|Any CPU
		{55FD078B-1063-40AE-BD8F-2A5534A2FF80}.Release|Any CPU.ActiveCfg = Release|Any CPU
		{55FD078B-1063-40AE-BD8F-2A5534A2FF80}.Release|Any CPU.Build.0 = Release|Any CPU
		{4AE140CB-82AF-4155-8495-0C5410BCB0C0}.Debug|Any CPU.ActiveCfg = Debug|Any CPU
		{4AE140CB-82AF-4155-8495-0C5410BCB0C0}.Debug|Any CPU.Build.0 = Debug|Any CPU
		{4AE140CB-82AF-4155-8495-0C5410BCB0C0}.Release|Any CPU.ActiveCfg = Release|Any CPU
		{4AE140CB-82AF-4155-8495-0C5410BCB0C0}.Release|Any CPU.Build.0 = Release|Any CPU
		{C045FCEF-274A-4E6D-9DAA-8DCE76A16D77}.Debug|Any CPU.ActiveCfg = Debug|Any CPU
		{C045FCEF-274A-4E6D-9DAA-8DCE76A16D77}.Debug|Any CPU.Build.0 = Debug|Any CPU
		{C045FCEF-274A-4E6D-9DAA-8DCE76A16D77}.Release|Any CPU.ActiveCfg = Release|Any CPU
		{C045FCEF-274A-4E6D-9DAA-8DCE76A16D77}.Release|Any CPU.Build.0 = Release|Any CPU
		{7F8672B3-FA18-4232-B96F-C0323F6BDC69}.Debug|Any CPU.ActiveCfg = Debug|Any CPU
		{7F8672B3-FA18-4232-B96F-C0323F6BDC69}.Debug|Any CPU.Build.0 = Debug|Any CPU
		{7F8672B3-FA18-4232-B96F-C0323F6BDC69}.Release|Any CPU.ActiveCfg = Release|Any CPU
		{7F8672B3-FA18-4232-B96F-C0323F6BDC69}.Release|Any CPU.Build.0 = Release|Any CPU
		{81CFF998-9ACE-42DE-AE4B-C0E455E52C1D}.Debug|Any CPU.ActiveCfg = Debug|Any CPU
		{81CFF998-9ACE-42DE-AE4B-C0E455E52C1D}.Debug|Any CPU.Build.0 = Debug|Any CPU
		{81CFF998-9ACE-42DE-AE4B-C0E455E52C1D}.Release|Any CPU.ActiveCfg = Release|Any CPU
		{81CFF998-9ACE-42DE-AE4B-C0E455E52C1D}.Release|Any CPU.Build.0 = Release|Any CPU
		{256E093F-A5FB-4805-A133-E7546D354D45}.Debug|Any CPU.ActiveCfg = Debug|Any CPU
		{256E093F-A5FB-4805-A133-E7546D354D45}.Debug|Any CPU.Build.0 = Debug|Any CPU
		{256E093F-A5FB-4805-A133-E7546D354D45}.Release|Any CPU.ActiveCfg = Release|Any CPU
		{256E093F-A5FB-4805-A133-E7546D354D45}.Release|Any CPU.Build.0 = Release|Any CPU
		{7F9D0967-3D4D-43BD-AAEA-F5DAACB06B06}.Debug|Any CPU.ActiveCfg = Debug|Any CPU
		{7F9D0967-3D4D-43BD-AAEA-F5DAACB06B06}.Debug|Any CPU.Build.0 = Debug|Any CPU
		{7F9D0967-3D4D-43BD-AAEA-F5DAACB06B06}.Release|Any CPU.ActiveCfg = Release|Any CPU
		{7F9D0967-3D4D-43BD-AAEA-F5DAACB06B06}.Release|Any CPU.Build.0 = Release|Any CPU
		{72EAB101-C325-4191-8893-A3491EF824FD}.Debug|Any CPU.ActiveCfg = Debug|Any CPU
		{72EAB101-C325-4191-8893-A3491EF824FD}.Debug|Any CPU.Build.0 = Debug|Any CPU
		{72EAB101-C325-4191-8893-A3491EF824FD}.Release|Any CPU.ActiveCfg = Release|Any CPU
		{72EAB101-C325-4191-8893-A3491EF824FD}.Release|Any CPU.Build.0 = Release|Any CPU
		{979D86EF-97F7-433A-A467-A120369113E0}.Debug|Any CPU.ActiveCfg = Debug|Any CPU
		{979D86EF-97F7-433A-A467-A120369113E0}.Debug|Any CPU.Build.0 = Debug|Any CPU
		{979D86EF-97F7-433A-A467-A120369113E0}.Release|Any CPU.ActiveCfg = Release|Any CPU
		{979D86EF-97F7-433A-A467-A120369113E0}.Release|Any CPU.Build.0 = Release|Any CPU
		{314CCC55-F699-4371-B4A9-D733FB4F2CF5}.Debug|Any CPU.ActiveCfg = Debug|Any CPU
		{314CCC55-F699-4371-B4A9-D733FB4F2CF5}.Debug|Any CPU.Build.0 = Debug|Any CPU
		{314CCC55-F699-4371-B4A9-D733FB4F2CF5}.Release|Any CPU.ActiveCfg = Release|Any CPU
		{314CCC55-F699-4371-B4A9-D733FB4F2CF5}.Release|Any CPU.Build.0 = Release|Any CPU
		{851DC147-F45B-4084-83D6-75C24ED76B28}.Debug|Any CPU.ActiveCfg = Debug|Any CPU
		{851DC147-F45B-4084-83D6-75C24ED76B28}.Debug|Any CPU.Build.0 = Debug|Any CPU
		{851DC147-F45B-4084-83D6-75C24ED76B28}.Release|Any CPU.ActiveCfg = Release|Any CPU
		{851DC147-F45B-4084-83D6-75C24ED76B28}.Release|Any CPU.Build.0 = Release|Any CPU
	EndGlobalSection
EndGlobal
