
Microsoft Visual Studio Solution File, Format Version 12.00
Project("{FAE04EC0-301F-11D3-BF4B-00C04F79EFBC}") = "91. Decode Ways", "91. Decode Ways\91. Decode Ways.csproj", "{3D7FF92A-4F7D-4424-B9D7-FACEA3604255}"
EndProject
Project("{FAE04EC0-301F-11D3-BF4B-00C04F79EFBC}") = "1503. Last Moment Before All Ants Fall Out of a Plank", "1503. Last Moment Before All Ants Fall Out of a Plank\1503. Last Moment Before All Ants Fall Out of a Plank.csproj", "{9FF63040-52F4-49E8-8641-B8261514D47D}"
EndProject
Project("{FAE04EC0-301F-11D3-BF4B-00C04F79EFBC}") = "1662. Check If Two String Arrays are Equivalent", "1662. Check If Two String Arrays are Equivalent\1662. Check If Two String Arrays are Equivalent.csproj", "{6DD0E328-A08D-4C0B-A314-D2C71BF561AB}"
EndProject
Project("{FAE04EC0-301F-11D3-BF4B-00C04F79EFBC}") = "1155. Number of Dice Rolls With Target Sum", "1155. Number of Dice Rolls With Target Sum\1155. Number of Dice Rolls With Target Sum.csproj", "{C4B6C618-89EB-4384-A00C-BAA457E36CA4}"
EndProject
Project("{FAE04EC0-301F-11D3-BF4B-00C04F79EFBC}") = "1578. Minimum Time to Make Rope Colorful", "1578. Minimum Time to Make Rope Colorful\1578. Minimum Time to Make Rope Colorful.csproj", "{ADDE8017-8DBC-4B7E-AF9B-C47887B686E8}"
EndProject
Project("{FAE04EC0-301F-11D3-BF4B-00C04F79EFBC}") = "1531. String Compression II", "1531. String Compression II\1531. String Compression II.csproj", "{9D873851-F382-4B7D-A6D9-4CA9AEB14C6F}"
EndProject
Project("{FAE04EC0-301F-11D3-BF4B-00C04F79EFBC}") = "1897. Redistribute Characters to Make All Strings Equal", "1897. Redistribute Characters to Make All Strings Equal\1897. Redistribute Characters to Make All Strings Equal.csproj", "{13C1DAAE-4929-4E71-A10C-2EAC87D1B575}"
EndProject
Project("{FAE04EC0-301F-11D3-BF4B-00C04F79EFBC}") = "1624. Largest Substring Between Two Equal Characters", "1624. Largest Substring Between Two Equal Characters\1624. Largest Substring Between Two Equal Characters.csproj", "{55FD078B-1063-40AE-BD8F-2A5534A2FF80}"
EndProject
Project("{FAE04EC0-301F-11D3-BF4B-00C04F79EFBC}") = "455. Assign Cookies", "455. Assign Cookies\455. Assign Cookies.csproj", "{4AE140CB-82AF-4155-8495-0C5410BCB0C0}"
EndProject
Project("{FAE04EC0-301F-11D3-BF4B-00C04F79EFBC}") = "122. Best Time to Buy and Sell Stock II", "122. Best Time to Buy and Sell Stock II\122. Best Time to Buy and Sell Stock II.csproj", "{C045FCEF-274A-4E6D-9DAA-8DCE76A16D77}"
EndProject
Project("{FAE04EC0-301F-11D3-BF4B-00C04F79EFBC}") = "2610. Convert an Array Into a 2D Array With Conditions", "2610. Convert an Array Into a 2D Array With Conditions\2610. Convert an Array Into a 2D Array With Conditions.csproj", "{7F8672B3-FA18-4232-B96F-C0323F6BDC69}"
EndProject
Project("{FAE04EC0-301F-11D3-BF4B-00C04F79EFBC}") = "2125. Number of Laser Beams in a Bank", "2125. Number of Laser Beams in a Bank\2125. Number of Laser Beams in a Bank.csproj", "{81CFF998-9ACE-42DE-AE4B-C0E455E52C1D}"
EndProject
Project("{FAE04EC0-301F-11D3-BF4B-00C04F79EFBC}") = "2870. Minimum Number of Operations to Make Array Empty", "2870. Minimum Number of Operations to Make Array Empty\2870. Minimum Number of Operations to Make Array Empty.csproj", "{256E093F-A5FB-4805-A133-E7546D354D45}"
EndProject
Project("{FAE04EC0-301F-11D3-BF4B-00C04F79EFBC}") = "300. Longest Increasing Subsequence", "300. Longest Increasing Subsequence\300. Longest Increasing Subsequence.csproj", "{7F9D0967-3D4D-43BD-AAEA-F5DAACB06B06}"
EndProject
Project("{FAE04EC0-301F-11D3-BF4B-00C04F79EFBC}") = "1235. Maximum Profit in Job Scheduling", "1235. Maximum Profit in Job Scheduling\1235. Maximum Profit in Job Scheduling.csproj", "{72EAB101-C325-4191-8893-A3491EF824FD}"
EndProject
Project("{FAE04EC0-301F-11D3-BF4B-00C04F79EFBC}") = "446. Arithmetic Slices II - Subsequence", "446. Arithmetic Slices II - Subsequence\446. Arithmetic Slices II - Subsequence.csproj", "{979D86EF-97F7-433A-A467-A120369113E0}"
EndProject
Project("{FAE04EC0-301F-11D3-BF4B-00C04F79EFBC}") = "70. Climbing Stairs", "70. Climbing Stairs\70. Climbing Stairs.csproj", "{314CCC55-F699-4371-B4A9-D733FB4F2CF5}"
EndProject
Project("{FAE04EC0-301F-11D3-BF4B-00C04F79EFBC}") = "931. Minimum Falling Path Sum", "931. Minimum Falling Path Sum\931. Minimum Falling Path Sum.csproj", "{851DC147-F45B-4084-83D6-75C24ED76B28}"
EndProject
Project("{FAE04EC0-301F-11D3-BF4B-00C04F79EFBC}") = "907. Sum of Subarray Minimums", "907. Sum of Subarray Minimums\907. Sum of Subarray Minimums.csproj", "{22A5B416-BCFE-40E7-8039-8ACBF8003C42}"
EndProject
Project("{FAE04EC0-301F-11D3-BF4B-00C04F79EFBC}") = "198. House Robber", "198. House Robber\198. House Robber.csproj", "{1CA6B984-2796-4B46-8DBA-060E62AD95B6}"
EndProject
Project("{FAE04EC0-301F-11D3-BF4B-00C04F79EFBC}") = "645. Set Mismatch", "645. Set Mismatch\645. Set Mismatch.csproj", "{005C3CC7-59C2-478F-BE98-E09A0ADBD5A0}"
EndProject
Project("{FAE04EC0-301F-11D3-BF4B-00C04F79EFBC}") = "1239. Maximum Length of a Concatenated String with Unique Characters", "1239. Maximum Length of a Concatenated String with Unique Characters\1239. Maximum Length of a Concatenated String with Unique Characters.csproj", "{C2C58E1A-150A-4C19-92A7-EA4A4DCE02FA}"
EndProject
Project("{FAE04EC0-301F-11D3-BF4B-00C04F79EFBC}") = "1457. Pseudo-Palindromic Paths in a Binary Tree", "1457. Pseudo-Palindromic Paths in a Binary Tree\1457. Pseudo-Palindromic Paths in a Binary Tree.csproj", "{73536D97-C8B1-41EE-81AF-69B167728C07}"
EndProject
Project("{FAE04EC0-301F-11D3-BF4B-00C04F79EFBC}") = "1143. Longest Common Subsequence", "1143. Longest Common Subsequence\1143. Longest Common Subsequence.csproj", "{4106E087-7DE6-4D25-8017-10759BB4FE71}"
EndProject
Project("{FAE04EC0-301F-11D3-BF4B-00C04F79EFBC}") = "232. Implement Queue using Stacks", "232. Implement Queue using Stacks\232. Implement Queue using Stacks.csproj", "{EEFAD529-A103-4755-B223-965AF8FBBD95}"
EndProject
Project("{FAE04EC0-301F-11D3-BF4B-00C04F79EFBC}") = "76. Minimum Window Substring", "76. Minimum Window Substring\76. Minimum Window Substring.csproj", "{08B7F18E-823C-4CDA-8BAB-82A4D400AD47}"
EndProject
Project("{FAE04EC0-301F-11D3-BF4B-00C04F79EFBC}") = "387. First Unique Character in a String", "387. First Unique Character in a String\387. First Unique Character in a String.csproj", "{F4E3C8D4-160D-4AB2-8421-F15FD016893C}"
EndProject
Project("{FAE04EC0-301F-11D3-BF4B-00C04F79EFBC}") = "49. Group Anagrams", "49. Group Anagrams\49. Group Anagrams.csproj", "{D54F895F-7C3D-459D-959B-FC8E43FCB2DF}"
EndProject
Project("{FAE04EC0-301F-11D3-BF4B-00C04F79EFBC}") = "451. Sort Characters By Frequency", "451. Sort Characters By Frequency\451. Sort Characters By Frequency.csproj", "{84AF9220-B1E7-4EB9-A7CB-55550B99CE06}"
EndProject
Project("{FAE04EC0-301F-11D3-BF4B-00C04F79EFBC}") = "279. Perfect Squares", "279. Perfect Squares\279. Perfect Squares.csproj", "{0E317033-E4E2-4B4C-84BF-264363CC1D63}"
EndProject
Project("{FAE04EC0-301F-11D3-BF4B-00C04F79EFBC}") = "368. Largest Divisible Subset", "368. Largest Divisible Subset\368. Largest Divisible Subset.csproj", "{9E166511-C64B-4D0C-8035-5C43570431AC}"
EndProject
Project("{FAE04EC0-301F-11D3-BF4B-00C04F79EFBC}") = "647. Palindromic Substrings", "647. Palindromic Substrings\647. Palindromic Substrings.csproj", "{F36A61B5-A611-4F56-BE8B-7518555E7FBD}"
EndProject
Project("{FAE04EC0-301F-11D3-BF4B-00C04F79EFBC}") = "1463. Cherry Pickup II", "1463. Cherry Pickup II\1463. Cherry Pickup II.csproj", "{7E509A1B-A45C-4412-AC4D-A85641D7A130}"
EndProject
Project("{FAE04EC0-301F-11D3-BF4B-00C04F79EFBC}") = "169. Majority Element", "169. Majority Element\169. Majority Element.csproj", "{23BBA91A-C346-40EF-98D3-D9E8D8A44AD5}"
EndProject
Project("{FAE04EC0-301F-11D3-BF4B-00C04F79EFBC}") = "2108. Find First Palindromic String in the Array", "2108. Find First Palindromic String in the Array\2108. Find First Palindromic String in the Array.csproj", "{7351A3C8-06F6-4049-9A47-482EC9C3D322}"
EndProject
Project("{FAE04EC0-301F-11D3-BF4B-00C04F79EFBC}") = "2149. Rearrange Array Elements by Sign", "2149. Rearrange Array Elements by Sign\2149. Rearrange Array Elements by Sign.csproj", "{CA58D6E9-E66E-4A28-91F1-7787655B1493}"
EndProject
Project("{FAE04EC0-301F-11D3-BF4B-00C04F79EFBC}") = "2965. Find Missing and Repeated Values", "2965. Find Missing and Repeated Values\2965. Find Missing and Repeated Values.csproj", "{B5F296A0-0255-4742-86C9-63567352CA66}"
EndProject
Project("{FAE04EC0-301F-11D3-BF4B-00C04F79EFBC}") = "3208. Alternating Groups II", "3208. Alternating Groups II\3208. Alternating Groups II.csproj", "{C732A0DE-1C84-4FD3-A373-2A7A5F4220B2}"
EndProject
Project("{FAE04EC0-301F-11D3-BF4B-00C04F79EFBC}") = "3306. Count of Substrings Containing Every Vowel and K Consonants II", "3306. Count of Substrings Containing Every Vowel and K Consonants II\3306. Count of Substrings Containing Every Vowel and K Consonants II.csproj", "{9AAEF57C-632C-49DD-A462-0490F4EBF396}"
EndProject
Project("{FAE04EC0-301F-11D3-BF4B-00C04F79EFBC}") = "1976. Number of Ways to Arrive at Destination", "1976. Number of Ways to Arrive at Destination\1976. Number of Ways to Arrive at Destination.csproj", "{FA0C997B-2ECE-4AC9-B881-93866ACA6EE6}"
EndProject
Project("{FAE04EC0-301F-11D3-BF4B-00C04F79EFBC}") = "3169. Count Days Without Meetings", "3169. Count Days Without Meetings\3169. Count Days Without Meetings.csproj", "{549C868B-EF50-4689-835C-6E20DDCC3B59}"
EndProject
Project("{FAE04EC0-301F-11D3-BF4B-00C04F79EFBC}") = "3394. Check if Grid can be Cut into Sections", "3394. Check if Grid can be Cut into Sections\3394. Check if Grid can be Cut into Sections.csproj", "{1570F64F-226E-4575-A75C-423EA66C251A}"
EndProject
Project("{FAE04EC0-301F-11D3-BF4B-00C04F79EFBC}") = "2033. Minimum Operations to Make a Uni-Value Grid", "2033. Minimum Operations to Make a Uni-Value Grid\2033. Minimum Operations to Make a Uni-Value Grid.csproj", "{A4F9A4FA-A02B-4284-9A87-C732087C511F}"
EndProject
Project("{FAE04EC0-301F-11D3-BF4B-00C04F79EFBC}") = "2780. Minimum Index of a Valid Split", "2780. Minimum Index of a Valid Split\2780. Minimum Index of a Valid Split.csproj", "{EC4CC35B-06CF-486C-BD31-F08DB8AA8E7A}"
EndProject
Project("{FAE04EC0-301F-11D3-BF4B-00C04F79EFBC}") = "2873. Maximum Value of an Ordered Triplet I", "2873. Maximum Value of an Ordered Triplet I\2873. Maximum Value of an Ordered Triplet I.csproj", "{50D91B30-877B-40C7-A498-95B093D047C0}"
EndProject
Project("{FAE04EC0-301F-11D3-BF4B-00C04F79EFBC}") = "1863. Sum of All Subset XOR Totals", "1863. Sum of All Subset XOR Totals\1863. Sum of All Subset XOR Totals.csproj", "{CB09DC3B-5198-475B-9E22-E401361B88E2}"
EndProject
Project("{FAE04EC0-301F-11D3-BF4B-00C04F79EFBC}") = "416. Partition Equal Subset Sum", "416. Partition Equal Subset Sum\416. Partition Equal Subset Sum.csproj", "{9BFE95A8-E668-4E9D-B49A-3389C5C3D7D2}"
EndProject
Project("{FAE04EC0-301F-11D3-BF4B-00C04F79EFBC}") = "3396. Minimum Number of Operations to Make Elements in Array Distinct", "3396. Minimum Number of Operations to Make Elements in Array Distinct\3396. Minimum Number of Operations to Make Elements in Array Distinct.csproj", "{9B234B92-0ED2-4EC1-B933-AF952584248C}"
EndProject
Global
	GlobalSection(SolutionConfigurationPlatforms) = preSolution
		Debug|Any CPU = Debug|Any CPU
		Release|Any CPU = Release|Any CPU
	EndGlobalSection
	GlobalSection(ProjectConfigurationPlatforms) = postSolution
		{3D7FF92A-4F7D-4424-B9D7-FACEA3604255}.Debug|Any CPU.ActiveCfg = Debug|Any CPU
		{3D7FF92A-4F7D-4424-B9D7-FACEA3604255}.Debug|Any CPU.Build.0 = Debug|Any CPU
		{3D7FF92A-4F7D-4424-B9D7-FACEA3604255}.Release|Any CPU.ActiveCfg = Release|Any CPU
		{3D7FF92A-4F7D-4424-B9D7-FACEA3604255}.Release|Any CPU.Build.0 = Release|Any CPU
		{9FF63040-52F4-49E8-8641-B8261514D47D}.Debug|Any CPU.ActiveCfg = Debug|Any CPU
		{9FF63040-52F4-49E8-8641-B8261514D47D}.Debug|Any CPU.Build.0 = Debug|Any CPU
		{9FF63040-52F4-49E8-8641-B8261514D47D}.Release|Any CPU.ActiveCfg = Release|Any CPU
		{9FF63040-52F4-49E8-8641-B8261514D47D}.Release|Any CPU.Build.0 = Release|Any CPU
		{6DD0E328-A08D-4C0B-A314-D2C71BF561AB}.Debug|Any CPU.ActiveCfg = Debug|Any CPU
		{6DD0E328-A08D-4C0B-A314-D2C71BF561AB}.Debug|Any CPU.Build.0 = Debug|Any CPU
		{6DD0E328-A08D-4C0B-A314-D2C71BF561AB}.Release|Any CPU.ActiveCfg = Release|Any CPU
		{6DD0E328-A08D-4C0B-A314-D2C71BF561AB}.Release|Any CPU.Build.0 = Release|Any CPU
		{C4B6C618-89EB-4384-A00C-BAA457E36CA4}.Debug|Any CPU.ActiveCfg = Debug|Any CPU
		{C4B6C618-89EB-4384-A00C-BAA457E36CA4}.Debug|Any CPU.Build.0 = Debug|Any CPU
		{C4B6C618-89EB-4384-A00C-BAA457E36CA4}.Release|Any CPU.ActiveCfg = Release|Any CPU
		{C4B6C618-89EB-4384-A00C-BAA457E36CA4}.Release|Any CPU.Build.0 = Release|Any CPU
		{ADDE8017-8DBC-4B7E-AF9B-C47887B686E8}.Debug|Any CPU.ActiveCfg = Debug|Any CPU
		{ADDE8017-8DBC-4B7E-AF9B-C47887B686E8}.Debug|Any CPU.Build.0 = Debug|Any CPU
		{ADDE8017-8DBC-4B7E-AF9B-C47887B686E8}.Release|Any CPU.ActiveCfg = Release|Any CPU
		{ADDE8017-8DBC-4B7E-AF9B-C47887B686E8}.Release|Any CPU.Build.0 = Release|Any CPU
		{9D873851-F382-4B7D-A6D9-4CA9AEB14C6F}.Debug|Any CPU.ActiveCfg = Debug|Any CPU
		{9D873851-F382-4B7D-A6D9-4CA9AEB14C6F}.Debug|Any CPU.Build.0 = Debug|Any CPU
		{9D873851-F382-4B7D-A6D9-4CA9AEB14C6F}.Release|Any CPU.ActiveCfg = Release|Any CPU
		{9D873851-F382-4B7D-A6D9-4CA9AEB14C6F}.Release|Any CPU.Build.0 = Release|Any CPU
		{13C1DAAE-4929-4E71-A10C-2EAC87D1B575}.Debug|Any CPU.ActiveCfg = Debug|Any CPU
		{13C1DAAE-4929-4E71-A10C-2EAC87D1B575}.Debug|Any CPU.Build.0 = Debug|Any CPU
		{13C1DAAE-4929-4E71-A10C-2EAC87D1B575}.Release|Any CPU.ActiveCfg = Release|Any CPU
		{13C1DAAE-4929-4E71-A10C-2EAC87D1B575}.Release|Any CPU.Build.0 = Release|Any CPU
		{55FD078B-1063-40AE-BD8F-2A5534A2FF80}.Debug|Any CPU.ActiveCfg = Debug|Any CPU
		{55FD078B-1063-40AE-BD8F-2A5534A2FF80}.Debug|Any CPU.Build.0 = Debug|Any CPU
		{55FD078B-1063-40AE-BD8F-2A5534A2FF80}.Release|Any CPU.ActiveCfg = Release|Any CPU
		{55FD078B-1063-40AE-BD8F-2A5534A2FF80}.Release|Any CPU.Build.0 = Release|Any CPU
		{4AE140CB-82AF-4155-8495-0C5410BCB0C0}.Debug|Any CPU.ActiveCfg = Debug|Any CPU
		{4AE140CB-82AF-4155-8495-0C5410BCB0C0}.Debug|Any CPU.Build.0 = Debug|Any CPU
		{4AE140CB-82AF-4155-8495-0C5410BCB0C0}.Release|Any CPU.ActiveCfg = Release|Any CPU
		{4AE140CB-82AF-4155-8495-0C5410BCB0C0}.Release|Any CPU.Build.0 = Release|Any CPU
		{C045FCEF-274A-4E6D-9DAA-8DCE76A16D77}.Debug|Any CPU.ActiveCfg = Debug|Any CPU
		{C045FCEF-274A-4E6D-9DAA-8DCE76A16D77}.Debug|Any CPU.Build.0 = Debug|Any CPU
		{C045FCEF-274A-4E6D-9DAA-8DCE76A16D77}.Release|Any CPU.ActiveCfg = Release|Any CPU
		{C045FCEF-274A-4E6D-9DAA-8DCE76A16D77}.Release|Any CPU.Build.0 = Release|Any CPU
		{7F8672B3-FA18-4232-B96F-C0323F6BDC69}.Debug|Any CPU.ActiveCfg = Debug|Any CPU
		{7F8672B3-FA18-4232-B96F-C0323F6BDC69}.Debug|Any CPU.Build.0 = Debug|Any CPU
		{7F8672B3-FA18-4232-B96F-C0323F6BDC69}.Release|Any CPU.ActiveCfg = Release|Any CPU
		{7F8672B3-FA18-4232-B96F-C0323F6BDC69}.Release|Any CPU.Build.0 = Release|Any CPU
		{81CFF998-9ACE-42DE-AE4B-C0E455E52C1D}.Debug|Any CPU.ActiveCfg = Debug|Any CPU
		{81CFF998-9ACE-42DE-AE4B-C0E455E52C1D}.Debug|Any CPU.Build.0 = Debug|Any CPU
		{81CFF998-9ACE-42DE-AE4B-C0E455E52C1D}.Release|Any CPU.ActiveCfg = Release|Any CPU
		{81CFF998-9ACE-42DE-AE4B-C0E455E52C1D}.Release|Any CPU.Build.0 = Release|Any CPU
		{256E093F-A5FB-4805-A133-E7546D354D45}.Debug|Any CPU.ActiveCfg = Debug|Any CPU
		{256E093F-A5FB-4805-A133-E7546D354D45}.Debug|Any CPU.Build.0 = Debug|Any CPU
		{256E093F-A5FB-4805-A133-E7546D354D45}.Release|Any CPU.ActiveCfg = Release|Any CPU
		{256E093F-A5FB-4805-A133-E7546D354D45}.Release|Any CPU.Build.0 = Release|Any CPU
		{7F9D0967-3D4D-43BD-AAEA-F5DAACB06B06}.Debug|Any CPU.ActiveCfg = Debug|Any CPU
		{7F9D0967-3D4D-43BD-AAEA-F5DAACB06B06}.Debug|Any CPU.Build.0 = Debug|Any CPU
		{7F9D0967-3D4D-43BD-AAEA-F5DAACB06B06}.Release|Any CPU.ActiveCfg = Release|Any CPU
		{7F9D0967-3D4D-43BD-AAEA-F5DAACB06B06}.Release|Any CPU.Build.0 = Release|Any CPU
		{72EAB101-C325-4191-8893-A3491EF824FD}.Debug|Any CPU.ActiveCfg = Debug|Any CPU
		{72EAB101-C325-4191-8893-A3491EF824FD}.Debug|Any CPU.Build.0 = Debug|Any CPU
		{72EAB101-C325-4191-8893-A3491EF824FD}.Release|Any CPU.ActiveCfg = Release|Any CPU
		{72EAB101-C325-4191-8893-A3491EF824FD}.Release|Any CPU.Build.0 = Release|Any CPU
		{979D86EF-97F7-433A-A467-A120369113E0}.Debug|Any CPU.ActiveCfg = Debug|Any CPU
		{979D86EF-97F7-433A-A467-A120369113E0}.Debug|Any CPU.Build.0 = Debug|Any CPU
		{979D86EF-97F7-433A-A467-A120369113E0}.Release|Any CPU.ActiveCfg = Release|Any CPU
		{979D86EF-97F7-433A-A467-A120369113E0}.Release|Any CPU.Build.0 = Release|Any CPU
		{314CCC55-F699-4371-B4A9-D733FB4F2CF5}.Debug|Any CPU.ActiveCfg = Debug|Any CPU
		{314CCC55-F699-4371-B4A9-D733FB4F2CF5}.Debug|Any CPU.Build.0 = Debug|Any CPU
		{314CCC55-F699-4371-B4A9-D733FB4F2CF5}.Release|Any CPU.ActiveCfg = Release|Any CPU
		{314CCC55-F699-4371-B4A9-D733FB4F2CF5}.Release|Any CPU.Build.0 = Release|Any CPU
		{851DC147-F45B-4084-83D6-75C24ED76B28}.Debug|Any CPU.ActiveCfg = Debug|Any CPU
		{851DC147-F45B-4084-83D6-75C24ED76B28}.Debug|Any CPU.Build.0 = Debug|Any CPU
		{851DC147-F45B-4084-83D6-75C24ED76B28}.Release|Any CPU.ActiveCfg = Release|Any CPU
		{851DC147-F45B-4084-83D6-75C24ED76B28}.Release|Any CPU.Build.0 = Release|Any CPU
		{22A5B416-BCFE-40E7-8039-8ACBF8003C42}.Debug|Any CPU.ActiveCfg = Debug|Any CPU
		{22A5B416-BCFE-40E7-8039-8ACBF8003C42}.Debug|Any CPU.Build.0 = Debug|Any CPU
		{22A5B416-BCFE-40E7-8039-8ACBF8003C42}.Release|Any CPU.ActiveCfg = Release|Any CPU
		{22A5B416-BCFE-40E7-8039-8ACBF8003C42}.Release|Any CPU.Build.0 = Release|Any CPU
		{1CA6B984-2796-4B46-8DBA-060E62AD95B6}.Debug|Any CPU.ActiveCfg = Debug|Any CPU
		{1CA6B984-2796-4B46-8DBA-060E62AD95B6}.Debug|Any CPU.Build.0 = Debug|Any CPU
		{1CA6B984-2796-4B46-8DBA-060E62AD95B6}.Release|Any CPU.ActiveCfg = Release|Any CPU
		{1CA6B984-2796-4B46-8DBA-060E62AD95B6}.Release|Any CPU.Build.0 = Release|Any CPU
		{005C3CC7-59C2-478F-BE98-E09A0ADBD5A0}.Debug|Any CPU.ActiveCfg = Debug|Any CPU
		{005C3CC7-59C2-478F-BE98-E09A0ADBD5A0}.Debug|Any CPU.Build.0 = Debug|Any CPU
		{005C3CC7-59C2-478F-BE98-E09A0ADBD5A0}.Release|Any CPU.ActiveCfg = Release|Any CPU
		{005C3CC7-59C2-478F-BE98-E09A0ADBD5A0}.Release|Any CPU.Build.0 = Release|Any CPU
		{C2C58E1A-150A-4C19-92A7-EA4A4DCE02FA}.Debug|Any CPU.ActiveCfg = Debug|Any CPU
		{C2C58E1A-150A-4C19-92A7-EA4A4DCE02FA}.Debug|Any CPU.Build.0 = Debug|Any CPU
		{C2C58E1A-150A-4C19-92A7-EA4A4DCE02FA}.Release|Any CPU.ActiveCfg = Release|Any CPU
		{C2C58E1A-150A-4C19-92A7-EA4A4DCE02FA}.Release|Any CPU.Build.0 = Release|Any CPU
		{73536D97-C8B1-41EE-81AF-69B167728C07}.Debug|Any CPU.ActiveCfg = Debug|Any CPU
		{73536D97-C8B1-41EE-81AF-69B167728C07}.Debug|Any CPU.Build.0 = Debug|Any CPU
		{73536D97-C8B1-41EE-81AF-69B167728C07}.Release|Any CPU.ActiveCfg = Release|Any CPU
		{73536D97-C8B1-41EE-81AF-69B167728C07}.Release|Any CPU.Build.0 = Release|Any CPU
		{4106E087-7DE6-4D25-8017-10759BB4FE71}.Debug|Any CPU.ActiveCfg = Debug|Any CPU
		{4106E087-7DE6-4D25-8017-10759BB4FE71}.Debug|Any CPU.Build.0 = Debug|Any CPU
		{4106E087-7DE6-4D25-8017-10759BB4FE71}.Release|Any CPU.ActiveCfg = Release|Any CPU
		{4106E087-7DE6-4D25-8017-10759BB4FE71}.Release|Any CPU.Build.0 = Release|Any CPU
		{EEFAD529-A103-4755-B223-965AF8FBBD95}.Debug|Any CPU.ActiveCfg = Debug|Any CPU
		{EEFAD529-A103-4755-B223-965AF8FBBD95}.Debug|Any CPU.Build.0 = Debug|Any CPU
		{EEFAD529-A103-4755-B223-965AF8FBBD95}.Release|Any CPU.ActiveCfg = Release|Any CPU
		{EEFAD529-A103-4755-B223-965AF8FBBD95}.Release|Any CPU.Build.0 = Release|Any CPU
		{08B7F18E-823C-4CDA-8BAB-82A4D400AD47}.Debug|Any CPU.ActiveCfg = Debug|Any CPU
		{08B7F18E-823C-4CDA-8BAB-82A4D400AD47}.Debug|Any CPU.Build.0 = Debug|Any CPU
		{08B7F18E-823C-4CDA-8BAB-82A4D400AD47}.Release|Any CPU.ActiveCfg = Release|Any CPU
		{08B7F18E-823C-4CDA-8BAB-82A4D400AD47}.Release|Any CPU.Build.0 = Release|Any CPU
		{F4E3C8D4-160D-4AB2-8421-F15FD016893C}.Debug|Any CPU.ActiveCfg = Debug|Any CPU
		{F4E3C8D4-160D-4AB2-8421-F15FD016893C}.Debug|Any CPU.Build.0 = Debug|Any CPU
		{F4E3C8D4-160D-4AB2-8421-F15FD016893C}.Release|Any CPU.ActiveCfg = Release|Any CPU
		{F4E3C8D4-160D-4AB2-8421-F15FD016893C}.Release|Any CPU.Build.0 = Release|Any CPU
		{D54F895F-7C3D-459D-959B-FC8E43FCB2DF}.Debug|Any CPU.ActiveCfg = Debug|Any CPU
		{D54F895F-7C3D-459D-959B-FC8E43FCB2DF}.Debug|Any CPU.Build.0 = Debug|Any CPU
		{D54F895F-7C3D-459D-959B-FC8E43FCB2DF}.Release|Any CPU.ActiveCfg = Release|Any CPU
		{D54F895F-7C3D-459D-959B-FC8E43FCB2DF}.Release|Any CPU.Build.0 = Release|Any CPU
		{84AF9220-B1E7-4EB9-A7CB-55550B99CE06}.Debug|Any CPU.ActiveCfg = Debug|Any CPU
		{84AF9220-B1E7-4EB9-A7CB-55550B99CE06}.Debug|Any CPU.Build.0 = Debug|Any CPU
		{84AF9220-B1E7-4EB9-A7CB-55550B99CE06}.Release|Any CPU.ActiveCfg = Release|Any CPU
		{84AF9220-B1E7-4EB9-A7CB-55550B99CE06}.Release|Any CPU.Build.0 = Release|Any CPU
		{0E317033-E4E2-4B4C-84BF-264363CC1D63}.Debug|Any CPU.ActiveCfg = Debug|Any CPU
		{0E317033-E4E2-4B4C-84BF-264363CC1D63}.Debug|Any CPU.Build.0 = Debug|Any CPU
		{0E317033-E4E2-4B4C-84BF-264363CC1D63}.Release|Any CPU.ActiveCfg = Release|Any CPU
		{0E317033-E4E2-4B4C-84BF-264363CC1D63}.Release|Any CPU.Build.0 = Release|Any CPU
		{9E166511-C64B-4D0C-8035-5C43570431AC}.Debug|Any CPU.ActiveCfg = Debug|Any CPU
		{9E166511-C64B-4D0C-8035-5C43570431AC}.Debug|Any CPU.Build.0 = Debug|Any CPU
		{9E166511-C64B-4D0C-8035-5C43570431AC}.Release|Any CPU.ActiveCfg = Release|Any CPU
		{9E166511-C64B-4D0C-8035-5C43570431AC}.Release|Any CPU.Build.0 = Release|Any CPU
		{F36A61B5-A611-4F56-BE8B-7518555E7FBD}.Debug|Any CPU.ActiveCfg = Debug|Any CPU
		{F36A61B5-A611-4F56-BE8B-7518555E7FBD}.Debug|Any CPU.Build.0 = Debug|Any CPU
		{F36A61B5-A611-4F56-BE8B-7518555E7FBD}.Release|Any CPU.ActiveCfg = Release|Any CPU
		{F36A61B5-A611-4F56-BE8B-7518555E7FBD}.Release|Any CPU.Build.0 = Release|Any CPU
		{7E509A1B-A45C-4412-AC4D-A85641D7A130}.Debug|Any CPU.ActiveCfg = Debug|Any CPU
		{7E509A1B-A45C-4412-AC4D-A85641D7A130}.Debug|Any CPU.Build.0 = Debug|Any CPU
		{7E509A1B-A45C-4412-AC4D-A85641D7A130}.Release|Any CPU.ActiveCfg = Release|Any CPU
		{7E509A1B-A45C-4412-AC4D-A85641D7A130}.Release|Any CPU.Build.0 = Release|Any CPU
		{23BBA91A-C346-40EF-98D3-D9E8D8A44AD5}.Debug|Any CPU.ActiveCfg = Debug|Any CPU
		{23BBA91A-C346-40EF-98D3-D9E8D8A44AD5}.Debug|Any CPU.Build.0 = Debug|Any CPU
		{23BBA91A-C346-40EF-98D3-D9E8D8A44AD5}.Release|Any CPU.ActiveCfg = Release|Any CPU
		{23BBA91A-C346-40EF-98D3-D9E8D8A44AD5}.Release|Any CPU.Build.0 = Release|Any CPU
		{7351A3C8-06F6-4049-9A47-482EC9C3D322}.Debug|Any CPU.ActiveCfg = Debug|Any CPU
		{7351A3C8-06F6-4049-9A47-482EC9C3D322}.Debug|Any CPU.Build.0 = Debug|Any CPU
		{7351A3C8-06F6-4049-9A47-482EC9C3D322}.Release|Any CPU.ActiveCfg = Release|Any CPU
		{7351A3C8-06F6-4049-9A47-482EC9C3D322}.Release|Any CPU.Build.0 = Release|Any CPU
		{CA58D6E9-E66E-4A28-91F1-7787655B1493}.Debug|Any CPU.ActiveCfg = Debug|Any CPU
		{CA58D6E9-E66E-4A28-91F1-7787655B1493}.Debug|Any CPU.Build.0 = Debug|Any CPU
		{CA58D6E9-E66E-4A28-91F1-7787655B1493}.Release|Any CPU.ActiveCfg = Release|Any CPU
		{CA58D6E9-E66E-4A28-91F1-7787655B1493}.Release|Any CPU.Build.0 = Release|Any CPU
		{B5F296A0-0255-4742-86C9-63567352CA66}.Debug|Any CPU.ActiveCfg = Debug|Any CPU
		{B5F296A0-0255-4742-86C9-63567352CA66}.Debug|Any CPU.Build.0 = Debug|Any CPU
		{B5F296A0-0255-4742-86C9-63567352CA66}.Release|Any CPU.ActiveCfg = Release|Any CPU
		{B5F296A0-0255-4742-86C9-63567352CA66}.Release|Any CPU.Build.0 = Release|Any CPU
		{C732A0DE-1C84-4FD3-A373-2A7A5F4220B2}.Debug|Any CPU.ActiveCfg = Debug|Any CPU
		{C732A0DE-1C84-4FD3-A373-2A7A5F4220B2}.Debug|Any CPU.Build.0 = Debug|Any CPU
		{C732A0DE-1C84-4FD3-A373-2A7A5F4220B2}.Release|Any CPU.ActiveCfg = Release|Any CPU
		{C732A0DE-1C84-4FD3-A373-2A7A5F4220B2}.Release|Any CPU.Build.0 = Release|Any CPU
		{9AAEF57C-632C-49DD-A462-0490F4EBF396}.Debug|Any CPU.ActiveCfg = Debug|Any CPU
		{9AAEF57C-632C-49DD-A462-0490F4EBF396}.Debug|Any CPU.Build.0 = Debug|Any CPU
		{9AAEF57C-632C-49DD-A462-0490F4EBF396}.Release|Any CPU.ActiveCfg = Release|Any CPU
		{9AAEF57C-632C-49DD-A462-0490F4EBF396}.Release|Any CPU.Build.0 = Release|Any CPU
		{FA0C997B-2ECE-4AC9-B881-93866ACA6EE6}.Debug|Any CPU.ActiveCfg = Debug|Any CPU
		{FA0C997B-2ECE-4AC9-B881-93866ACA6EE6}.Debug|Any CPU.Build.0 = Debug|Any CPU
		{FA0C997B-2ECE-4AC9-B881-93866ACA6EE6}.Release|Any CPU.ActiveCfg = Release|Any CPU
		{FA0C997B-2ECE-4AC9-B881-93866ACA6EE6}.Release|Any CPU.Build.0 = Release|Any CPU
		{549C868B-EF50-4689-835C-6E20DDCC3B59}.Debug|Any CPU.ActiveCfg = Debug|Any CPU
		{549C868B-EF50-4689-835C-6E20DDCC3B59}.Debug|Any CPU.Build.0 = Debug|Any CPU
		{549C868B-EF50-4689-835C-6E20DDCC3B59}.Release|Any CPU.ActiveCfg = Release|Any CPU
		{549C868B-EF50-4689-835C-6E20DDCC3B59}.Release|Any CPU.Build.0 = Release|Any CPU
		{1570F64F-226E-4575-A75C-423EA66C251A}.Debug|Any CPU.ActiveCfg = Debug|Any CPU
		{1570F64F-226E-4575-A75C-423EA66C251A}.Debug|Any CPU.Build.0 = Debug|Any CPU
		{1570F64F-226E-4575-A75C-423EA66C251A}.Release|Any CPU.ActiveCfg = Release|Any CPU
		{1570F64F-226E-4575-A75C-423EA66C251A}.Release|Any CPU.Build.0 = Release|Any CPU
		{A4F9A4FA-A02B-4284-9A87-C732087C511F}.Debug|Any CPU.ActiveCfg = Debug|Any CPU
		{A4F9A4FA-A02B-4284-9A87-C732087C511F}.Debug|Any CPU.Build.0 = Debug|Any CPU
		{A4F9A4FA-A02B-4284-9A87-C732087C511F}.Release|Any CPU.ActiveCfg = Release|Any CPU
		{A4F9A4FA-A02B-4284-9A87-C732087C511F}.Release|Any CPU.Build.0 = Release|Any CPU
		{EC4CC35B-06CF-486C-BD31-F08DB8AA8E7A}.Debug|Any CPU.ActiveCfg = Debug|Any CPU
		{EC4CC35B-06CF-486C-BD31-F08DB8AA8E7A}.Debug|Any CPU.Build.0 = Debug|Any CPU
		{EC4CC35B-06CF-486C-BD31-F08DB8AA8E7A}.Release|Any CPU.ActiveCfg = Release|Any CPU
		{EC4CC35B-06CF-486C-BD31-F08DB8AA8E7A}.Release|Any CPU.Build.0 = Release|Any CPU
		{50D91B30-877B-40C7-A498-95B093D047C0}.Debug|Any CPU.ActiveCfg = Debug|Any CPU
		{50D91B30-877B-40C7-A498-95B093D047C0}.Debug|Any CPU.Build.0 = Debug|Any CPU
		{50D91B30-877B-40C7-A498-95B093D047C0}.Release|Any CPU.ActiveCfg = Release|Any CPU
		{50D91B30-877B-40C7-A498-95B093D047C0}.Release|Any CPU.Build.0 = Release|Any CPU
		{CB09DC3B-5198-475B-9E22-E401361B88E2}.Debug|Any CPU.ActiveCfg = Debug|Any CPU
		{CB09DC3B-5198-475B-9E22-E401361B88E2}.Debug|Any CPU.Build.0 = Debug|Any CPU
		{CB09DC3B-5198-475B-9E22-E401361B88E2}.Release|Any CPU.ActiveCfg = Release|Any CPU
		{CB09DC3B-5198-475B-9E22-E401361B88E2}.Release|Any CPU.Build.0 = Release|Any CPU
		{9BFE95A8-E668-4E9D-B49A-3389C5C3D7D2}.Debug|Any CPU.ActiveCfg = Debug|Any CPU
		{9BFE95A8-E668-4E9D-B49A-3389C5C3D7D2}.Debug|Any CPU.Build.0 = Debug|Any CPU
		{9BFE95A8-E668-4E9D-B49A-3389C5C3D7D2}.Release|Any CPU.ActiveCfg = Release|Any CPU
		{9BFE95A8-E668-4E9D-B49A-3389C5C3D7D2}.Release|Any CPU.Build.0 = Release|Any CPU
		{9B234B92-0ED2-4EC1-B933-AF952584248C}.Debug|Any CPU.ActiveCfg = Debug|Any CPU
		{9B234B92-0ED2-4EC1-B933-AF952584248C}.Debug|Any CPU.Build.0 = Debug|Any CPU
		{9B234B92-0ED2-4EC1-B933-AF952584248C}.Release|Any CPU.ActiveCfg = Release|Any CPU
		{9B234B92-0ED2-4EC1-B933-AF952584248C}.Release|Any CPU.Build.0 = Release|Any CPU
	EndGlobalSection
EndGlobal
